
Microsoft Visual Studio Solution File, Format Version 12.00
# Visual Studio Version 17
VisualStudioVersion = 17.10.35013.160
MinimumVisualStudioVersion = 10.0.40219.1
Project("{9A19103F-16F7-4668-BE54-9A1E7A4F7556}") = "FilmGalary.Integrarion", "FilmGalary.Integrarion\FilmGalary.Integrarion.csproj", "{E4A4F7A9-13C0-4731-86ED-EBDD3EE31FB4}"
EndProject
Project("{9A19103F-16F7-4668-BE54-9A1E7A4F7556}") = "FilmGalary.Core", "FilmGalary.Core\FilmGalary.Core.csproj", "{7F3A0B9A-615F-48DA-87BF-491B9CF0A713}"
EndProject
Project("{9A19103F-16F7-4668-BE54-9A1E7A4F7556}") = "FilmGalary.App", "FilmGalary.App\FilmGalary.App.csproj", "{237D95FA-8098-4B71-8A15-A9EB337377E3}"
EndProject
Project("{9A19103F-16F7-4668-BE54-9A1E7A4F7556}") = "TestWpfApp", "TestWpfApp\TestWpfApp.csproj", "{AB4AEC5F-19E0-474D-B419-5CC2C4AC8B1A}"
EndProject
Project("{9A19103F-16F7-4668-BE54-9A1E7A4F7556}") = "FilmGallaryAPI", "FilmGallaryAPI\FilmGallaryAPI.csproj", "{288EA129-A860-4786-965A-9425E62FA5EB}"
EndProject
Project("{FAE04EC0-301F-11D3-BF4B-00C04F79EFBC}") = "WPF_For_Developing", "WPF_For_Developing\WPF_For_Developing.csproj", "{F1223C6D-31BF-4ED5-A19F-F494E4CCD263}"
EndProject
Global
	GlobalSection(SolutionConfigurationPlatforms) = preSolution
		Debug|Any CPU = Debug|Any CPU
		Release|Any CPU = Release|Any CPU
	EndGlobalSection
	GlobalSection(ProjectConfigurationPlatforms) = postSolution
		{E4A4F7A9-13C0-4731-86ED-EBDD3EE31FB4}.Debug|Any CPU.ActiveCfg = Debug|Any CPU
		{E4A4F7A9-13C0-4731-86ED-EBDD3EE31FB4}.Debug|Any CPU.Build.0 = Debug|Any CPU
		{E4A4F7A9-13C0-4731-86ED-EBDD3EE31FB4}.Release|Any CPU.ActiveCfg = Release|Any CPU
		{E4A4F7A9-13C0-4731-86ED-EBDD3EE31FB4}.Release|Any CPU.Build.0 = Release|Any CPU
		{7F3A0B9A-615F-48DA-87BF-491B9CF0A713}.Debug|Any CPU.ActiveCfg = Debug|Any CPU
		{7F3A0B9A-615F-48DA-87BF-491B9CF0A713}.Debug|Any CPU.Build.0 = Debug|Any CPU
		{7F3A0B9A-615F-48DA-87BF-491B9CF0A713}.Release|Any CPU.ActiveCfg = Release|Any CPU
		{7F3A0B9A-615F-48DA-87BF-491B9CF0A713}.Release|Any CPU.Build.0 = Release|Any CPU
		{237D95FA-8098-4B71-8A15-A9EB337377E3}.Debug|Any CPU.ActiveCfg = Debug|Any CPU
		{237D95FA-8098-4B71-8A15-A9EB337377E3}.Debug|Any CPU.Build.0 = Debug|Any CPU
		{237D95FA-8098-4B71-8A15-A9EB337377E3}.Release|Any CPU.ActiveCfg = Release|Any CPU
		{237D95FA-8098-4B71-8A15-A9EB337377E3}.Release|Any CPU.Build.0 = Release|Any CPU
		{AB4AEC5F-19E0-474D-B419-5CC2C4AC8B1A}.Debug|Any CPU.ActiveCfg = Debug|Any CPU
		{AB4AEC5F-19E0-474D-B419-5CC2C4AC8B1A}.Debug|Any CPU.Build.0 = Debug|Any CPU
		{AB4AEC5F-19E0-474D-B419-5CC2C4AC8B1A}.Release|Any CPU.ActiveCfg = Release|Any CPU
		{AB4AEC5F-19E0-474D-B419-5CC2C4AC8B1A}.Release|Any CPU.Build.0 = Release|Any CPU
		{288EA129-A860-4786-965A-9425E62FA5EB}.Debug|Any CPU.ActiveCfg = Debug|Any CPU
		{288EA129-A860-4786-965A-9425E62FA5EB}.Debug|Any CPU.Build.0 = Debug|Any CPU
		{288EA129-A860-4786-965A-9425E62FA5EB}.Release|Any CPU.ActiveCfg = Release|Any CPU
		{288EA129-A860-4786-965A-9425E62FA5EB}.Release|Any CPU.Build.0 = Release|Any CPU
		{F1223C6D-31BF-4ED5-A19F-F494E4CCD263}.Debug|Any CPU.ActiveCfg = Debug|Any CPU
		{F1223C6D-31BF-4ED5-A19F-F494E4CCD263}.Debug|Any CPU.Build.0 = Debug|Any CPU
		{F1223C6D-31BF-4ED5-A19F-F494E4CCD263}.Release|Any CPU.ActiveCfg = Release|Any CPU
		{F1223C6D-31BF-4ED5-A19F-F494E4CCD263}.Release|Any CPU.Build.0 = Release|Any CPU
	EndGlobalSection
	GlobalSection(SolutionProperties) = preSolution
		HideSolutionNode = FALSE
	EndGlobalSection
	GlobalSection(ExtensibilityGlobals) = postSolution
		SolutionGuid = {43CB09CD-6045-4E81-BB81-8EA21CAF9460}
	EndGlobalSection
EndGlobal
